
Microsoft Visual Studio Solution File, Format Version 12.00
# Visual Studio 15
VisualStudioVersion = 15.0.28307.1401
MinimumVisualStudioVersion = 10.0.40219.1
Project("{8BC9CEB8-8B4A-11D0-8D11-00A0C91BC942}") = "ScoreManagement", "ScoreManagement\ScoreManagement.vcxproj", "{20BD188D-5011-45EE-8863-57D9F095999B}"
EndProject
Global
	GlobalSection(SolutionConfigurationPlatforms) = preSolution
		Debug|x64 = Debug|x64
		Debug|x86 = Debug|x86
		Release|x64 = Release|x64
		Release|x86 = Release|x86
	EndGlobalSection
	GlobalSection(ProjectConfigurationPlatforms) = postSolution
		{20BD188D-5011-45EE-8863-57D9F095999B}.Debug|x64.ActiveCfg = Debug|x64
		{20BD188D-5011-45EE-8863-57D9F095999B}.Debug|x64.Build.0 = Debug|x64
		{20BD188D-5011-45EE-8863-57D9F095999B}.Debug|x86.ActiveCfg = Debug|Win32
		{20BD188D-5011-45EE-8863-57D9F095999B}.Debug|x86.Build.0 = Debug|Win32
		{20BD188D-5011-45EE-8863-57D9F095999B}.Release|x64.ActiveCfg = Release|x64
		{20BD188D-5011-45EE-8863-57D9F095999B}.Release|x64.Build.0 = Release|x64
		{20BD188D-5011-45EE-8863-57D9F095999B}.Release|x86.ActiveCfg = Release|Win32
		{20BD188D-5011-45EE-8863-57D9F095999B}.Release|x86.Build.0 = Release|Win32
	EndGlobalSection
	GlobalSection(SolutionProperties) = preSolution
		HideSolutionNode = FALSE
	EndGlobalSection
	GlobalSection(ExtensibilityGlobals) = postSolution
		SolutionGuid = {582E1199-75ED-4FF1-889D-622FBA407944}
	EndGlobalSection
EndGlobal
